
Microsoft Visual Studio Solution File, Format Version 12.00
# Visual Studio Version 16
VisualStudioVersion = 16.0.31911.196
MinimumVisualStudioVersion = 10.0.40219.1
Project("{FAE04EC0-301F-11D3-BF4B-00C04F79EFBC}") = "HataYonetımı", "HataYonetımı\HataYonetımı.csproj", "{42833CB8-5369-4202-9E6D-362DE6AC0884}"
EndProject
Global
	GlobalSection(SolutionConfigurationPlatforms) = preSolution
		Debug|Any CPU = Debug|Any CPU
		Release|Any CPU = Release|Any CPU
	EndGlobalSection
	GlobalSection(ProjectConfigurationPlatforms) = postSolution
		{42833CB8-5369-4202-9E6D-362DE6AC0884}.Debug|Any CPU.ActiveCfg = Debug|Any CPU
		{42833CB8-5369-4202-9E6D-362DE6AC0884}.Debug|Any CPU.Build.0 = Debug|Any CPU
		{42833CB8-5369-4202-9E6D-362DE6AC0884}.Release|Any CPU.ActiveCfg = Release|Any CPU
		{42833CB8-5369-4202-9E6D-362DE6AC0884}.Release|Any CPU.Build.0 = Release|Any CPU
	EndGlobalSection
	GlobalSection(SolutionProperties) = preSolution
		HideSolutionNode = FALSE
	EndGlobalSection
	GlobalSection(ExtensibilityGlobals) = postSolution
		SolutionGuid = {5CDCCF53-EAEE-4EB4-A454-37EF54D0D37E}
	EndGlobalSection
EndGlobal
